
Microsoft Visual Studio Solution File, Format Version 11.00
# Visual Studio 2010
Project("{FAE04EC0-301F-11D3-BF4B-00C04F79EFBC}") = "Assembly-CSharp", "Assembly-CSharp.csproj", "{1ac4bd20-2ff8-452c-e1bf-f3f3f953cd35}"
EndProject
Project("{FAE04EC0-301F-11D3-BF4B-00C04F79EFBC}") = "Assembly-CSharp-Editor", "Assembly-CSharp-Editor.csproj", "{f77539ee-b365-9852-9d2a-2e9a99f792d8}"
EndProject
Global
	GlobalSection(SolutionConfigurationPlatforms) = preSolution
		Debug|Any CPU = Debug|Any CPU
	EndGlobalSection
	GlobalSection(ProjectConfigurationPlatforms) = postSolution
		{1ac4bd20-2ff8-452c-e1bf-f3f3f953cd35}.Debug|Any CPU.ActiveCfg = Debug|Any CPU
		{1ac4bd20-2ff8-452c-e1bf-f3f3f953cd35}.Debug|Any CPU.Build.0 = Debug|Any CPU
		{f77539ee-b365-9852-9d2a-2e9a99f792d8}.Debug|Any CPU.ActiveCfg = Debug|Any CPU
		{f77539ee-b365-9852-9d2a-2e9a99f792d8}.Debug|Any CPU.Build.0 = Debug|Any CPU
	EndGlobalSection
	GlobalSection(SolutionProperties) = preSolution
		HideSolutionNode = FALSE
	EndGlobalSection
EndGlobal
